
Microsoft Visual Studio Solution File, Format Version 12.00
# Visual Studio Version 17
VisualStudioVersion = 17.0.31903.59
MinimumVisualStudioVersion = 10.0.40219.1
Project("{2150E333-8FDC-42A3-9474-1A3956D46DE8}") = "src", "src", "{056F9EF1-D415-4B89-9D11-1CD5BE5486AA}"
EndProject
Project("{FAE04EC0-301F-11D3-BF4B-00C04F79EFBC}") = "HotelPOS.Contracts", "src\HotelPOS.Contracts\HotelPOS.Contracts.csproj", "{830E5C4C-FC71-453F-8485-12EA13144286}"
EndProject
Project("{FAE04EC0-301F-11D3-BF4B-00C04F79EFBC}") = "HotelPOS.Domain", "src\HotelPOS.Domain\HotelPOS.Domain.csproj", "{0C3B0928-10C8-4D07-B885-692F3514EE00}"
EndProject
Project("{FAE04EC0-301F-11D3-BF4B-00C04F79EFBC}") = "HotelPOS.Application", "src\HotelPOS.Application\HotelPOS.Application.csproj", "{F1969142-BBA7-4DEA-9C09-3B2674E1B2EC}"
EndProject
Project("{FAE04EC0-301F-11D3-BF4B-00C04F79EFBC}") = "HotelPOS.Infrastructure", "src\HotelPOS.Infrastructure\HotelPOS.Infrastructure.csproj", "{84C9D6BD-8A30-4C04-A5CB-98437B82DEA4}"
EndProject
Project("{FAE04EC0-301F-11D3-BF4B-00C04F79EFBC}") = "HotelPOS.Api", "src\HotelPOS.Api\HotelPOS.Api.csproj", "{53BA335F-9FB1-4A93-96B6-DF464365FAD4}"
EndProject
Project("{2150E333-8FDC-42A3-9474-1A3956D46DE8}") = "tests", "tests", "{F869A081-5BDF-4974-90BB-A0A627B586BD}"
EndProject
Project("{FAE04EC0-301F-11D3-BF4B-00C04F79EFBC}") = "HotelPOS.Domain.Tests", "tests\HotelPOS.Domain.Tests\HotelPOS.Domain.Tests.csproj", "{838866D9-5785-40AB-8F65-49202E5125E0}"
EndProject
Project("{FAE04EC0-301F-11D3-BF4B-00C04F79EFBC}") = "HotelPOS.Application.Tests", "tests\HotelPOS.Application.Tests\HotelPOS.Application.Tests.csproj", "{4A0741A4-7E5D-4BDC-BB60-B2CFE0863E09}"
EndProject
Project("{FAE04EC0-301F-11D3-BF4B-00C04F79EFBC}") = "HotelPOS.Api.Tests", "tests\HotelPOS.Api.Tests\HotelPOS.Api.Tests.csproj", "{4174721A-9575-475D-A422-BCB250506CB6}"
EndProject
Project("{FAE04EC0-301F-11D3-BF4B-00C04F79EFBC}") = "HotelPOS.Desktop", "src\HotelPOS.Desktop\HotelPOS.Desktop.csproj", "{ED76CAE2-7783-479D-9F96-494662E90068}"
EndProject
Project("{FAE04EC0-301F-11D3-BF4B-00C04F79EFBC}") = "HotelPOS.Desktop.Tests", "tests\HotelPOS.Desktop.Tests\HotelPOS.Desktop.Tests.csproj", "{A8ED13C9-2C89-4608-A739-836FA5A7F5F4}"
EndProject
Global
	GlobalSection(SolutionConfigurationPlatforms) = preSolution
		Debug|Any CPU = Debug|Any CPU
		Release|Any CPU = Release|Any CPU
	EndGlobalSection
	GlobalSection(SolutionProperties) = preSolution
		HideSolutionNode = FALSE
	EndGlobalSection
	GlobalSection(ProjectConfigurationPlatforms) = postSolution
		{830E5C4C-FC71-453F-8485-12EA13144286}.Debug|Any CPU.ActiveCfg = Debug|Any CPU
		{830E5C4C-FC71-453F-8485-12EA13144286}.Debug|Any CPU.Build.0 = Debug|Any CPU
		{830E5C4C-FC71-453F-8485-12EA13144286}.Release|Any CPU.ActiveCfg = Release|Any CPU
		{830E5C4C-FC71-453F-8485-12EA13144286}.Release|Any CPU.Build.0 = Release|Any CPU
		{0C3B0928-10C8-4D07-B885-692F3514EE00}.Debug|Any CPU.ActiveCfg = Debug|Any CPU
		{0C3B0928-10C8-4D07-B885-692F3514EE00}.Debug|Any CPU.Build.0 = Debug|Any CPU
		{0C3B0928-10C8-4D07-B885-692F3514EE00}.Release|Any CPU.ActiveCfg = Release|Any CPU
		{0C3B0928-10C8-4D07-B885-692F3514EE00}.Release|Any CPU.Build.0 = Release|Any CPU
		{F1969142-BBA7-4DEA-9C09-3B2674E1B2EC}.Debug|Any CPU.ActiveCfg = Debug|Any CPU
		{F1969142-BBA7-4DEA-9C09-3B2674E1B2EC}.Debug|Any CPU.Build.0 = Debug|Any CPU
		{F1969142-BBA7-4DEA-9C09-3B2674E1B2EC}.Release|Any CPU.ActiveCfg = Release|Any CPU
		{F1969142-BBA7-4DEA-9C09-3B2674E1B2EC}.Release|Any CPU.Build.0 = Release|Any CPU
		{84C9D6BD-8A30-4C04-A5CB-98437B82DEA4}.Debug|Any CPU.ActiveCfg = Debug|Any CPU
		{84C9D6BD-8A30-4C04-A5CB-98437B82DEA4}.Debug|Any CPU.Build.0 = Debug|Any CPU
		{84C9D6BD-8A30-4C04-A5CB-98437B82DEA4}.Release|Any CPU.ActiveCfg = Release|Any CPU
		{84C9D6BD-8A30-4C04-A5CB-98437B82DEA4}.Release|Any CPU.Build.0 = Release|Any CPU
		{53BA335F-9FB1-4A93-96B6-DF464365FAD4}.Debug|Any CPU.ActiveCfg = Debug|Any CPU
		{53BA335F-9FB1-4A93-96B6-DF464365FAD4}.Debug|Any CPU.Build.0 = Debug|Any CPU
		{53BA335F-9FB1-4A93-96B6-DF464365FAD4}.Release|Any CPU.ActiveCfg = Release|Any CPU
		{53BA335F-9FB1-4A93-96B6-DF464365FAD4}.Release|Any CPU.Build.0 = Release|Any CPU
		{838866D9-5785-40AB-8F65-49202E5125E0}.Debug|Any CPU.ActiveCfg = Debug|Any CPU
		{838866D9-5785-40AB-8F65-49202E5125E0}.Debug|Any CPU.Build.0 = Debug|Any CPU
		{838866D9-5785-40AB-8F65-49202E5125E0}.Release|Any CPU.ActiveCfg = Release|Any CPU
		{838866D9-5785-40AB-8F65-49202E5125E0}.Release|Any CPU.Build.0 = Release|Any CPU
		{4A0741A4-7E5D-4BDC-BB60-B2CFE0863E09}.Debug|Any CPU.ActiveCfg = Debug|Any CPU
		{4A0741A4-7E5D-4BDC-BB60-B2CFE0863E09}.Debug|Any CPU.Build.0 = Debug|Any CPU
		{4A0741A4-7E5D-4BDC-BB60-B2CFE0863E09}.Release|Any CPU.ActiveCfg = Release|Any CPU
		{4A0741A4-7E5D-4BDC-BB60-B2CFE0863E09}.Release|Any CPU.Build.0 = Release|Any CPU
		{4174721A-9575-475D-A422-BCB250506CB6}.Debug|Any CPU.ActiveCfg = Debug|Any CPU
		{4174721A-9575-475D-A422-BCB250506CB6}.Debug|Any CPU.Build.0 = Debug|Any CPU
		{4174721A-9575-475D-A422-BCB250506CB6}.Release|Any CPU.ActiveCfg = Release|Any CPU
		{4174721A-9575-475D-A422-BCB250506CB6}.Release|Any CPU.Build.0 = Release|Any CPU
		{ED76CAE2-7783-479D-9F96-494662E90068}.Debug|Any CPU.ActiveCfg = Debug|Any CPU
		{ED76CAE2-7783-479D-9F96-494662E90068}.Debug|Any CPU.Build.0 = Debug|Any CPU
		{ED76CAE2-7783-479D-9F96-494662E90068}.Release|Any CPU.ActiveCfg = Release|Any CPU
		{ED76CAE2-7783-479D-9F96-494662E90068}.Release|Any CPU.Build.0 = Release|Any CPU
		{A8ED13C9-2C89-4608-A739-836FA5A7F5F4}.Debug|Any CPU.ActiveCfg = Debug|Any CPU
		{A8ED13C9-2C89-4608-A739-836FA5A7F5F4}.Debug|Any CPU.Build.0 = Debug|Any CPU
		{A8ED13C9-2C89-4608-A739-836FA5A7F5F4}.Release|Any CPU.ActiveCfg = Release|Any CPU
		{A8ED13C9-2C89-4608-A739-836FA5A7F5F4}.Release|Any CPU.Build.0 = Release|Any CPU
	EndGlobalSection
	GlobalSection(NestedProjects) = preSolution
		{830E5C4C-FC71-453F-8485-12EA13144286} = {056F9EF1-D415-4B89-9D11-1CD5BE5486AA}
		{0C3B0928-10C8-4D07-B885-692F3514EE00} = {056F9EF1-D415-4B89-9D11-1CD5BE5486AA}
		{F1969142-BBA7-4DEA-9C09-3B2674E1B2EC} = {056F9EF1-D415-4B89-9D11-1CD5BE5486AA}
		{84C9D6BD-8A30-4C04-A5CB-98437B82DEA4} = {056F9EF1-D415-4B89-9D11-1CD5BE5486AA}
		{53BA335F-9FB1-4A93-96B6-DF464365FAD4} = {056F9EF1-D415-4B89-9D11-1CD5BE5486AA}
		{838866D9-5785-40AB-8F65-49202E5125E0} = {F869A081-5BDF-4974-90BB-A0A627B586BD}
		{4A0741A4-7E5D-4BDC-BB60-B2CFE0863E09} = {F869A081-5BDF-4974-90BB-A0A627B586BD}
		{4174721A-9575-475D-A422-BCB250506CB6} = {F869A081-5BDF-4974-90BB-A0A627B586BD}
		{ED76CAE2-7783-479D-9F96-494662E90068} = {056F9EF1-D415-4B89-9D11-1CD5BE5486AA}
		{A8ED13C9-2C89-4608-A739-836FA5A7F5F4} = {F869A081-5BDF-4974-90BB-A0A627B586BD}
	EndGlobalSection
EndGlobal
